// !$*UTF8*$!
{
	archiveVersion = 1;
	classes = {
	};
	objectVersion = 56;
	objects = {

/* Begin PBXBuildFile section */
		733A56852C521D640034C06F /* Simultaneous_cameraApp.swift in Sources */ = {isa = PBXBuildFile; fileRef = 733A56842C521D640034C06F /* Simultaneous_cameraApp.swift */; };
		733A56872C521D640034C06F /* ContentView.swift in Sources */ = {isa = PBXBuildFile; fileRef = 733A56862C521D640034C06F /* ContentView.swift */; };
		733A56892C521D660034C06F /* Assets.xcassets in Resources */ = {isa = PBXBuildFile; fileRef = 733A56882C521D660034C06F /* Assets.xcassets */; };
		733A568C2C521D660034C06F /* Preview Assets.xcassets in Resources */ = {isa = PBXBuildFile; fileRef = 733A568B2C521D660034C06F /* Preview Assets.xcassets */; };
		733A56962C521D660034C06F /* Simultaneous_cameraTests.swift in Sources */ = {isa = PBXBuildFile; fileRef = 733A56952C521D660034C06F /* Simultaneous_cameraTests.swift */; };
		733A56A02C521D660034C06F /* Simultaneous_cameraUITests.swift in Sources */ = {isa = PBXBuildFile; fileRef = 733A569F2C521D660034C06F /* Simultaneous_cameraUITests.swift */; };
		733A56A22C521D660034C06F /* Simultaneous_cameraUITestsLaunchTests.swift in Sources */ = {isa = PBXBuildFile; fileRef = 733A56A12C521D660034C06F /* Simultaneous_cameraUITestsLaunchTests.swift */; };
/* End PBXBuildFile section */

/* Begin PBXContainerItemProxy section */
		733A56922C521D660034C06F /* PBXContainerItemProxy */ = {
			isa = PBXContainerItemProxy;
			containerPortal = 733A56792C521D640034C06F /* Project object */;
			proxyType = 1;
			remoteGlobalIDString = 733A56802C521D640034C06F;
			remoteInfo = Simultaneous_camera;
		};
		733A569C2C521D660034C06F /* PBXContainerItemProxy */ = {
			isa = PBXContainerItemProxy;
			containerPortal = 733A56792C521D640034C06F /* Project object */;
			proxyType = 1;
			remoteGlobalIDString = 733A56802C521D640034C06F;
			remoteInfo = Simultaneous_camera;
		};
/* End PBXContainerItemProxy section */

/* Begin PBXFileReference section */
		733A56812C521D640034C06F /* Simultaneous_camera.app */ = {isa = PBXFileReference; explicitFileType = wrapper.application; includeInIndex = 0; path = Simultaneous_camera.app; sourceTree = BUILT_PRODUCTS_DIR; };
		733A56842C521D640034C06F /* Simultaneous_cameraApp.swift */ = {isa = PBXFileReference; lastKnownFileType = sourcecode.swift; path = Simultaneous_cameraApp.swift; sourceTree = "<group>"; };
		733A56862C521D640034C06F /* ContentView.swift */ = {isa = PBXFileReference; lastKnownFileType = sourcecode.swift; path = ContentView.swift; sourceTree = "<group>"; };
		733A56882C521D660034C06F /* Assets.xcassets */ = {isa = PBXFileReference; lastKnownFileType = folder.assetcatalog; path = Assets.xcassets; sourceTree = "<group>"; };
		733A568B2C521D660034C06F /* Preview Assets.xcassets */ = {isa = PBXFileReference; lastKnownFileType = folder.assetcatalog; path = "Preview Assets.xcassets"; sourceTree = "<group>"; };
		733A56912C521D660034C06F /* Simultaneous_cameraTests.xctest */ = {isa = PBXFileReference; explicitFileType = wrapper.cfbundle; includeInIndex = 0; path = Simultaneous_cameraTests.xctest; sourceTree = BUILT_PRODUCTS_DIR; };
		733A56952C521D660034C06F /* Simultaneous_cameraTests.swift */ = {isa = PBXFileReference; lastKnownFileType = sourcecode.swift; path = Simultaneous_cameraTests.swift; sourceTree = "<group>"; };
		733A569B2C521D660034C06F /* Simultaneous_cameraUITests.xctest */ = {isa = PBXFileReference; explicitFileType = wrapper.cfbundle; includeInIndex = 0; path = Simultaneous_cameraUITests.xctest; sourceTree = BUILT_PRODUCTS_DIR; };
		733A569F2C521D660034C06F /* Simultaneous_cameraUITests.swift */ = {isa = PBXFileReference; lastKnownFileType = sourcecode.swift; path = Simultaneous_cameraUITests.swift; sourceTree = "<group>"; };
		733A56A12C521D660034C06F /* Simultaneous_cameraUITestsLaunchTests.swift */ = {isa = PBXFileReference; lastKnownFileType = sourcecode.swift; path = Simultaneous_cameraUITestsLaunchTests.swift; sourceTree = "<group>"; };
/* End PBXFileReference section */

/* Begin PBXFrameworksBuildPhase section */
		733A567E2C521D640034C06F /* Frameworks */ = {
			isa = PBXFrameworksBuildPhase;
			buildActionMask = 2147483647;
			files = (
			);
			runOnlyForDeploymentPostprocessing = 0;
		};
		733A568E2C521D660034C06F /* Frameworks */ = {
			isa = PBXFrameworksBuildPhase;
			buildActionMask = 2147483647;
			files = (
			);
			runOnlyForDeploymentPostprocessing = 0;
		};
		733A56982C521D660034C06F /* Frameworks */ = {
			isa = PBXFrameworksBuildPhase;
			buildActionMask = 2147483647;
			files = (
			);
			runOnlyForDeploymentPostprocessing = 0;
		};
/* End PBXFrameworksBuildPhase section */

/* Begin PBXGroup section */
		733A56782C521D640034C06F = {
			isa = PBXGroup;
			children = (
				733A56832C521D640034C06F /* Simultaneous_camera */,
				733A56942C521D660034C06F /* Simultaneous_cameraTests */,
				733A569E2C521D660034C06F /* Simultaneous_cameraUITests */,
				733A56822C521D640034C06F /* Products */,
			);
			sourceTree = "<group>";
		};
		733A56822C521D640034C06F /* Products */ = {
			isa = PBXGroup;
			children = (
				733A56812C521D640034C06F /* Simultaneous_camera.app */,
				733A56912C521D660034C06F /* Simultaneous_cameraTests.xctest */,
				733A569B2C521D660034C06F /* Simultaneous_cameraUITests.xctest */,
			);
			name = Products;
			sourceTree = "<group>";
		};
		733A56832C521D640034C06F /* Simultaneous_camera */ = {
			isa = PBXGroup;
			children = (
				733A56842C521D640034C06F /* Simultaneous_cameraApp.swift */,
				733A56862C521D640034C06F /* ContentView.swift */,
				733A56882C521D660034C06F /* Assets.xcassets */,
				733A568A2C521D660034C06F /* Preview Content */,
			);
			path = Simultaneous_camera;
			sourceTree = "<group>";
		};
		733A568A2C521D660034C06F /* Preview Content */ = {
			isa = PBXGroup;
			children = (
				733A568B2C521D660034C06F /* Preview Assets.xcassets */,
			);
			path = "Preview Content";
			sourceTree = "<group>";
		};
		733A56942C521D660034C06F /* Simultaneous_cameraTests */ = {
			isa = PBXGroup;
			children = (
				733A56952C521D660034C06F /* Simultaneous_cameraTests.swift */,
			);
			path = Simultaneous_cameraTests;
			sourceTree = "<group>";
		};
		733A569E2C521D660034C06F /* Simultaneous_cameraUITests */ = {
			isa = PBXGroup;
			children = (
				733A569F2C521D660034C06F /* Simultaneous_cameraUITests.swift */,
				733A56A12C521D660034C06F /* Simultaneous_cameraUITestsLaunchTests.swift */,
			);
			path = Simultaneous_cameraUITests;
			sourceTree = "<group>";
		};
/* End PBXGroup section */

/* Begin PBXNativeTarget section */
		733A56802C521D640034C06F /* Simultaneous_camera */ = {
			isa = PBXNativeTarget;
			buildConfigurationList = 733A56A52C521D660034C06F /* Build configuration list for PBXNativeTarget "Simultaneous_camera" */;
			buildPhases = (
				733A567D2C521D640034C06F /* Sources */,
				733A567E2C521D640034C06F /* Frameworks */,
				733A567F2C521D640034C06F /* Resources */,
			);
			buildRules = (
			);
			dependencies = (
			);
			name = Simultaneous_camera;
			productName = Simultaneous_camera;
			productReference = 733A56812C521D640034C06F /* Simultaneous_camera.app */;
			productType = "com.apple.product-type.application";
		};
		733A56902C521D660034C06F /* Simultaneous_cameraTests */ = {
			isa = PBXNativeTarget;
			buildConfigurationList = 733A56A82C521D660034C06F /* Build configuration list for PBXNativeTarget "Simultaneous_cameraTests" */;
			buildPhases = (
				733A568D2C521D660034C06F /* Sources */,
				733A568E2C521D660034C06F /* Frameworks */,
				733A568F2C521D660034C06F /* Resources */,
			);
			buildRules = (
			);
			dependencies = (
				733A56932C521D660034C06F /* PBXTargetDependency */,
			);
			name = Simultaneous_cameraTests;
			productName = Simultaneous_cameraTests;
			productReference = 733A56912C521D660034C06F /* Simultaneous_cameraTests.xctest */;
			productType = "com.apple.product-type.bundle.unit-test";
		};
		733A569A2C521D660034C06F /* Simultaneous_cameraUITests */ = {
			isa = PBXNativeTarget;
			buildConfigurationList = 733A56AB2C521D660034C06F /* Build configuration list for PBXNativeTarget "Simultaneous_cameraUITests" */;
			buildPhases = (
				733A56972C521D660034C06F /* Sources */,
				733A56982C521D660034C06F /* Frameworks */,
				733A56992C521D660034C06F /* Resources */,
			);
			buildRules = (
			);
			dependencies = (
				733A569D2C521D660034C06F /* PBXTargetDependency */,
			);
			name = Simultaneous_cameraUITests;
			productName = Simultaneous_cameraUITests;
			productReference = 733A569B2C521D660034C06F /* Simultaneous_cameraUITests.xctest */;
			productType = "com.apple.product-type.bundle.ui-testing";
		};
/* End PBXNativeTarget section */

/* Begin PBXProject section */
		733A56792C521D640034C06F /* Project object */ = {
			isa = PBXProject;
			attributes = {
				BuildIndependentTargetsInParallel = 1;
				LastSwiftUpdateCheck = 1540;
				LastUpgradeCheck = 1540;
				TargetAttributes = {
					733A56802C521D640034C06F = {
						CreatedOnToolsVersion = 15.4;
					};
					733A56902C521D660034C06F = {
						CreatedOnToolsVersion = 15.4;
						TestTargetID = 733A56802C521D640034C06F;
					};
					733A569A2C521D660034C06F = {
						CreatedOnToolsVersion = 15.4;
						TestTargetID = 733A56802C521D640034C06F;
					};
				};
			};
			buildConfigurationList = 733A567C2C521D640034C06F /* Build configuration list for PBXProject "Simultaneous_camera" */;
			compatibilityVersion = "Xcode 14.0";
			developmentRegion = en;
			hasScannedForEncodings = 0;
			knownRegions = (
				en,
				Base,
			);
			mainGroup = 733A56782C521D640034C06F;
			productRefGroup = 733A56822C521D640034C06F /* Products */;
			projectDirPath = "";
			projectRoot = "";
			targets = (
				733A56802C521D640034C06F /* Simultaneous_camera */,
				733A56902C521D660034C06F /* Simultaneous_cameraTests */,
				733A569A2C521D660034C06F /* Simultaneous_cameraUITests */,
			);
		};
/* End PBXProject section */

/* Begin PBXResourcesBuildPhase section */
		733A567F2C521D640034C06F /* Resources */ = {
			isa = PBXResourcesBuildPhase;
			buildActionMask = 2147483647;
			files = (
				733A568C2C521D660034C06F /* Preview Assets.xcassets in Resources */,
				733A56892C521D660034C06F /* Assets.xcassets in Resources */,
			);
			runOnlyForDeploymentPostprocessing = 0;
		};
		733A568F2C521D660034C06F /* Resources */ = {
			isa = PBXResourcesBuildPhase;
			buildActionMask = 2147483647;
			files = (
			);
			runOnlyForDeploymentPostprocessing = 0;
		};
		733A56992C521D660034C06F /* Resources */ = {
			isa = PBXResourcesBuildPhase;
			buildActionMask = 2147483647;
			files = (
			);
			runOnlyForDeploymentPostprocessing = 0;
		};
/* End PBXResourcesBuildPhase section */

/* Begin PBXSourcesBuildPhase section */
		733A567D2C521D640034C06F /* Sources */ = {
			isa = PBXSourcesBuildPhase;
			buildActionMask = 2147483647;
			files = (
				733A56872C521D640034C06F /* ContentView.swift in Sources */,
				733A56852C521D640034C06F /* Simultaneous_cameraApp.swift in Sources */,
			);
			runOnlyForDeploymentPostprocessing = 0;
		};
		733A568D2C521D660034C06F /* Sources */ = {
			isa = PBXSourcesBuildPhase;
			buildActionMask = 2147483647;
			files = (
				733A56962C521D660034C06F /* Simultaneous_cameraTests.swift in Sources */,
			);
			runOnlyForDeploymentPostprocessing = 0;
		};
		733A56972C521D660034C06F /* Sources */ = {
			isa = PBXSourcesBuildPhase;
			buildActionMask = 2147483647;
			files = (
				733A56A22C521D660034C06F /* Simultaneous_cameraUITestsLaunchTests.swift in Sources */,
				733A56A02C521D660034C06F /* Simultaneous_cameraUITests.swift in Sources */,
			);
			runOnlyForDeploymentPostprocessing = 0;
		};
/* End PBXSourcesBuildPhase section */

/* Begin PBXTargetDependency section */
		733A56932C521D660034C06F /* PBXTargetDependency */ = {
			isa = PBXTargetDependency;
			target = 733A56802C521D640034C06F /* Simultaneous_camera */;
			targetProxy = 733A56922C521D660034C06F /* PBXContainerItemProxy */;
		};
		733A569D2C521D660034C06F /* PBXTargetDependency */ = {
			isa = PBXTargetDependency;
			target = 733A56802C521D640034C06F /* Simultaneous_camera */;
			targetProxy = 733A569C2C521D660034C06F /* PBXContainerItemProxy */;
		};
/* End PBXTargetDependency section */

/* Begin XCBuildConfiguration section */
		733A56A32C521D660034C06F /* Debug */ = {
			isa = XCBuildConfiguration;
			buildSettings = {
				ALWAYS_SEARCH_USER_PATHS = NO;
				ASSETCATALOG_COMPILER_GENERATE_SWIFT_ASSET_SYMBOL_EXTENSIONS = YES;
				CLANG_ANALYZER_NONNULL = YES;
				CLANG_ANALYZER_NUMBER_OBJECT_CONVERSION = YES_AGGRESSIVE;
				CLANG_CXX_LANGUAGE_STANDARD = "gnu++20";
				CLANG_ENABLE_MODULES = YES;
				CLANG_ENABLE_OBJC_ARC = YES;
				CLANG_ENABLE_OBJC_WEAK = YES;
				CLANG_WARN_BLOCK_CAPTURE_AUTORELEASING = YES;
				CLANG_WARN_BOOL_CONVERSION = YES;
				CLANG_WARN_COMMA = YES;
				CLANG_WARN_CONSTANT_CONVERSION = YES;
				CLANG_WARN_DEPRECATED_OBJC_IMPLEMENTATIONS = YES;
				CLANG_WARN_DIRECT_OBJC_ISA_USAGE = YES_ERROR;
				CLANG_WARN_DOCUMENTATION_COMMENTS = YES;
				CLANG_WARN_EMPTY_BODY = YES;
				CLANG_WARN_ENUM_CONVERSION = YES;
				CLANG_WARN_INFINITE_RECURSION = YES;
				CLANG_WARN_INT_CONVERSION = YES;
				CLANG_WARN_NON_LITERAL_NULL_CONVERSION = YES;
				CLANG_WARN_OBJC_IMPLICIT_RETAIN_SELF = YES;
				CLANG_WARN_OBJC_LITERAL_CONVERSION = YES;
				CLANG_WARN_OBJC_ROOT_CLASS = YES_ERROR;
				CLANG_WARN_QUOTED_INCLUDE_IN_FRAMEWORK_HEADER = YES;
				CLANG_WARN_RANGE_LOOP_ANALYSIS = YES;
				CLANG_WARN_STRICT_PROTOTYPES = YES;
				CLANG_WARN_SUSPICIOUS_MOVE = YES;
				CLANG_WARN_UNGUARDED_AVAILABILITY = YES_AGGRESSIVE;
				CLANG_WARN_UNREACHABLE_CODE = YES;
				CLANG_WARN__DUPLICATE_METHOD_MATCH = YES;
				COPY_PHASE_STRIP = NO;
				DEBUG_INFORMATION_FORMAT = dwarf;
				ENABLE_STRICT_OBJC_MSGSEND = YES;
				ENABLE_TESTABILITY = YES;
				ENABLE_USER_SCRIPT_SANDBOXING = YES;
				GCC_C_LANGUAGE_STANDARD = gnu17;
				GCC_DYNAMIC_NO_PIC = NO;
				GCC_NO_COMMON_BLOCKS = YES;
				GCC_OPTIMIZATION_LEVEL = 0;
				GCC_PREPROCESSOR_DEFINITIONS = (
					"DEBUG=1",
					"$(inherited)",
				);
				GCC_WARN_64_TO_32_BIT_CONVERSION = YES;
				GCC_WARN_ABOUT_RETURN_TYPE = YES_ERROR;
				GCC_WARN_UNDECLARED_SELECTOR = YES;
				GCC_WARN_UNINITIALIZED_AUTOS = YES_AGGRESSIVE;
				GCC_WARN_UNUSED_FUNCTION = YES;
				GCC_WARN_UNUSED_VARIABLE = YES;
				IPHONEOS_DEPLOYMENT_TARGET = 17.5;
				LOCALIZATION_PREFERS_STRING_CATALOGS = YES;
				MTL_ENABLE_DEBUG_INFO = INCLUDE_SOURCE;
				MTL_FAST_MATH = YES;
				ONLY_ACTIVE_ARCH = YES;
				SDKROOT = iphoneos;
				SWIFT_ACTIVE_COMPILATION_CONDITIONS = "DEBUG $(inherited)";
				SWIFT_OPTIMIZATION_LEVEL = "-Onone";
			};
			name = Debug;
		};
		733A56A42C521D660034C06F /* Release */ = {
			isa = XCBuildConfiguration;
			buildSettings = {
				ALWAYS_SEARCH_USER_PATHS = NO;
				ASSETCATALOG_COMPILER_GENERATE_SWIFT_ASSET_SYMBOL_EXTENSIONS = YES;
				CLANG_ANALYZER_NONNULL = YES;
				CLANG_ANALYZER_NUMBER_OBJECT_CONVERSION = YES_AGGRESSIVE;
				CLANG_CXX_LANGUAGE_STANDARD = "gnu++20";
				CLANG_ENABLE_MODULES = YES;
				CLANG_ENABLE_OBJC_ARC = YES;
				CLANG_ENABLE_OBJC_WEAK = YES;
				CLANG_WARN_BLOCK_CAPTURE_AUTORELEASING = YES;
				CLANG_WARN_BOOL_CONVERSION = YES;
				CLANG_WARN_COMMA = YES;
				CLANG_WARN_CONSTANT_CONVERSION = YES;
				CLANG_WARN_DEPRECATED_OBJC_IMPLEMENTATIONS = YES;
				CLANG_WARN_DIRECT_OBJC_ISA_USAGE = YES_ERROR;
				CLANG_WARN_DOCUMENTATION_COMMENTS = YES;
				CLANG_WARN_EMPTY_BODY = YES;
				CLANG_WARN_ENUM_CONVERSION = YES;
				CLANG_WARN_INFINITE_RECURSION = YES;
				CLANG_WARN_INT_CONVERSION = YES;
				CLANG_WARN_NON_LITERAL_NULL_CONVERSION = YES;
				CLANG_WARN_OBJC_IMPLICIT_RETAIN_SELF = YES;
				CLANG_WARN_OBJC_LITERAL_CONVERSION = YES;
				CLANG_WARN_OBJC_ROOT_CLASS = YES_ERROR;
				CLANG_WARN_QUOTED_INCLUDE_IN_FRAMEWORK_HEADER = YES;
				CLANG_WARN_RANGE_LOOP_ANALYSIS = YES;
				CLANG_WARN_STRICT_PROTOTYPES = YES;
				CLANG_WARN_SUSPICIOUS_MOVE = YES;
				CLANG_WARN_UNGUARDED_AVAILABILITY = YES_AGGRESSIVE;
				CLANG_WARN_UNREACHABLE_CODE = YES;
				CLANG_WARN__DUPLICATE_METHOD_MATCH = YES;
				COPY_PHASE_STRIP = NO;
				DEBUG_INFORMATION_FORMAT = "dwarf-with-dsym";
				ENABLE_NS_ASSERTIONS = NO;
				ENABLE_STRICT_OBJC_MSGSEND = YES;
				ENABLE_USER_SCRIPT_SANDBOXING = YES;
				GCC_C_LANGUAGE_STANDARD = gnu17;
				GCC_NO_COMMON_BLOCKS = YES;
				GCC_WARN_64_TO_32_BIT_CONVERSION = YES;
				GCC_WARN_ABOUT_RETURN_TYPE = YES_ERROR;
				GCC_WARN_UNDECLARED_SELECTOR = YES;
				GCC_WARN_UNINITIALIZED_AUTOS = YES_AGGRESSIVE;
				GCC_WARN_UNUSED_FUNCTION = YES;
				GCC_WARN_UNUSED_VARIABLE = YES;
				IPHONEOS_DEPLOYMENT_TARGET = 17.5;
				LOCALIZATION_PREFERS_STRING_CATALOGS = YES;
				MTL_ENABLE_DEBUG_INFO = NO;
				MTL_FAST_MATH = YES;
				SDKROOT = iphoneos;
				SWIFT_COMPILATION_MODE = wholemodule;
				VALIDATE_PRODUCT = YES;
			};
			name = Release;
		};
		733A56A62C521D660034C06F /* Debug */ = {
			isa = XCBuildConfiguration;
			buildSettings = {
				ASSETCATALOG_COMPILER_APPICON_NAME = AppIcon;
				ASSETCATALOG_COMPILER_GLOBAL_ACCENT_COLOR_NAME = AccentColor;
				CODE_SIGN_STYLE = Automatic;
				CURRENT_PROJECT_VERSION = 1;
				DEVELOPMENT_ASSET_PATHS = "\"Simultaneous_camera/Preview Content\"";
				ENABLE_PREVIEWS = YES;
				GENERATE_INFOPLIST_FILE = YES;
				INFOPLIST_KEY_UIApplicationSceneManifest_Generation = YES;
				INFOPLIST_KEY_UIApplicationSupportsIndirectInputEvents = YES;
				INFOPLIST_KEY_UILaunchScreen_Generation = YES;
				INFOPLIST_KEY_UISupportedInterfaceOrientations_iPad = "UIInterfaceOrientationPortrait UIInterfaceOrientationPortraitUpsideDown UIInterfaceOrientationLandscapeLeft UIInterfaceOrientationLandscapeRight";
				INFOPLIST_KEY_UISupportedInterfaceOrientations_iPhone = "UIInterfaceOrientationPortrait UIInterfaceOrientationLandscapeLeft UIInterfaceOrientationLandscapeRight";
				LD_RUNPATH_SEARCH_PATHS = (
					"$(inherited)",
					"@executable_path/Frameworks",
				);
				MARKETING_VERSION = 1.0;
				PRODUCT_BUNDLE_IDENTIFIER = "telescopelight.Simultaneous-camera";
				PRODUCT_NAME = "$(TARGET_NAME)";
				SWIFT_EMIT_LOC_STRINGS = YES;
				SWIFT_VERSION = 5.0;
				TARGETED_DEVICE_FAMILY = "1,2";
			};
			name = Debug;
		};
		733A56A72C521D660034C06F /* Release */ = {
			isa = XCBuildConfiguration;
			buildSettings = {
				ASSETCATALOG_COMPILER_APPICON_NAME = AppIcon;
				ASSETCATALOG_COMPILER_GLOBAL_ACCENT_COLOR_NAME = AccentColor;
				CODE_SIGN_STYLE = Automatic;
				CURRENT_PROJECT_VERSION = 1;
				DEVELOPMENT_ASSET_PATHS = "\"Simultaneous_camera/Preview Content\"";
				ENABLE_PREVIEWS = YES;
				GENERATE_INFOPLIST_FILE = YES;
				INFOPLIST_KEY_UIApplicationSceneManifest_Generation = YES;
				INFOPLIST_KEY_UIApplicationSupportsIndirectInputEvents = YES;
				INFOPLIST_KEY_UILaunchScreen_Generation = YES;
				INFOPLIST_KEY_UISupportedInterfaceOrientations_iPad = "UIInterfaceOrientationPortrait UIInterfaceOrientationPortraitUpsideDown UIInterfaceOrientationLandscapeLeft UIInterfaceOrientationLandscapeRight";
				INFOPLIST_KEY_UISupportedInterfaceOrientations_iPhone = "UIInterfaceOrientationPortrait UIInterfaceOrientationLandscapeLeft UIInterfaceOrientationLandscapeRight";
				LD_RUNPATH_SEARCH_PATHS = (
					"$(inherited)",
					"@executable_path/Frameworks",
				);
				MARKETING_VERSION = 1.0;
				PRODUCT_BUNDLE_IDENTIFIER = "telescopelight.Simultaneous-camera";
				PRODUCT_NAME = "$(TARGET_NAME)";
				SWIFT_EMIT_LOC_STRINGS = YES;
				SWIFT_VERSION = 5.0;
				TARGETED_DEVICE_FAMILY = "1,2";
			};
			name = Release;
		};
		733A56A92C521D660034C06F /* Debug */ = {
			isa = XCBuildConfiguration;
			buildSettings = {
				ALWAYS_EMBED_SWIFT_STANDARD_LIBRARIES = YES;
				BUNDLE_LOADER = "$(TEST_HOST)";
				CODE_SIGN_STYLE = Automatic;
				CURRENT_PROJECT_VERSION = 1;
				GENERATE_INFOPLIST_FILE = YES;
				IPHONEOS_DEPLOYMENT_TARGET = 17.5;
				MARKETING_VERSION = 1.0;
				PRODUCT_BUNDLE_IDENTIFIER = "telescopelight.Simultaneous-cameraTests";
				PRODUCT_NAME = "$(TARGET_NAME)";
				SWIFT_EMIT_LOC_STRINGS = NO;
				SWIFT_VERSION = 5.0;
				TARGETED_DEVICE_FAMILY = "1,2";
				TEST_HOST = "$(BUILT_PRODUCTS_DIR)/Simultaneous_camera.app/$(BUNDLE_EXECUTABLE_FOLDER_PATH)/Simultaneous_camera";
			};
			name = Debug;
		};
		733A56AA2C521D660034C06F /* Release */ = {
			isa = XCBuildConfiguration;
			buildSettings = {
				ALWAYS_EMBED_SWIFT_STANDARD_LIBRARIES = YES;
				BUNDLE_LOADER = "$(TEST_HOST)";
				CODE_SIGN_STYLE = Automatic;
				CURRENT_PROJECT_VERSION = 1;
				GENERATE_INFOPLIST_FILE = YES;
				IPHONEOS_DEPLOYMENT_TARGET = 17.5;
				MARKETING_VERSION = 1.0;
				PRODUCT_BUNDLE_IDENTIFIER = "telescopelight.Simultaneous-cameraTests";
				PRODUCT_NAME = "$(TARGET_NAME)";
				SWIFT_EMIT_LOC_STRINGS = NO;
				SWIFT_VERSION = 5.0;
				TARGETED_DEVICE_FAMILY = "1,2";
				TEST_HOST = "$(BUILT_PRODUCTS_DIR)/Simultaneous_camera.app/$(BUNDLE_EXECUTABLE_FOLDER_PATH)/Simultaneous_camera";
			};
			name = Release;
		};
		733A56AC2C521D660034C06F /* Debug */ = {
			isa = XCBuildConfiguration;
			buildSettings = {
				ALWAYS_EMBED_SWIFT_STANDARD_LIBRARIES = YES;
				CODE_SIGN_STYLE = Automatic;
				CURRENT_PROJECT_VERSION = 1;
				GENERATE_INFOPLIST_FILE = YES;
				MARKETING_VERSION = 1.0;
				PRODUCT_BUNDLE_IDENTIFIER = "telescopelight.Simultaneous-cameraUITests";
				PRODUCT_NAME = "$(TARGET_NAME)";
				SWIFT_EMIT_LOC_STRINGS = NO;
				SWIFT_VERSION = 5.0;
				TARGETED_DEVICE_FAMILY = "1,2";
				TEST_TARGET_NAME = Simultaneous_camera;
			};
			name = Debug;
		};
		733A56AD2C521D660034C06F /* Release */ = {
			isa = XCBuildConfiguration;
			buildSettings = {
				ALWAYS_EMBED_SWIFT_STANDARD_LIBRARIES = YES;
				CODE_SIGN_STYLE = Automatic;
				CURRENT_PROJECT_VERSION = 1;
				GENERATE_INFOPLIST_FILE = YES;
				MARKETING_VERSION = 1.0;
				PRODUCT_BUNDLE_IDENTIFIER = "telescopelight.Simultaneous-cameraUITests";
				PRODUCT_NAME = "$(TARGET_NAME)";
				SWIFT_EMIT_LOC_STRINGS = NO;
				SWIFT_VERSION = 5.0;
				TARGETED_DEVICE_FAMILY = "1,2";
				TEST_TARGET_NAME = Simultaneous_camera;
			};
			name = Release;
		};
/* End XCBuildConfiguration section */

/* Begin XCConfigurationList section */
		733A567C2C521D640034C06F /* Build configuration list for PBXProject "Simultaneous_camera" */ = {
			isa = XCConfigurationList;
			buildConfigurations = (
				733A56A32C521D660034C06F /* Debug */,
				733A56A42C521D660034C06F /* Release */,
			);
			defaultConfigurationIsVisible = 0;
			defaultConfigurationName = Release;
		};
		733A56A52C521D660034C06F /* Build configuration list for PBXNativeTarget "Simultaneous_camera" */ = {
			isa = XCConfigurationList;
			buildConfigurations = (
				733A56A62C521D660034C06F /* Debug */,
				733A56A72C521D660034C06F /* Release */,
			);
			defaultConfigurationIsVisible = 0;
			defaultConfigurationName = Release;
		};
		733A56A82C521D660034C06F /* Build configuration list for PBXNativeTarget "Simultaneous_cameraTests" */ = {
			isa = XCConfigurationList;
			buildConfigurations = (
				733A56A92C521D660034C06F /* Debug */,
				733A56AA2C521D660034C06F /* Release */,
			);
			defaultConfigurationIsVisible = 0;
			defaultConfigurationName = Release;
		};
		733A56AB2C521D660034C06F /* Build configuration list for PBXNativeTarget "Simultaneous_cameraUITests" */ = {
			isa = XCConfigurationList;
			buildConfigurations = (
				733A56AC2C521D660034C06F /* Debug */,
				733A56AD2C521D660034C06F /* Release */,
			);
			defaultConfigurationIsVisible = 0;
			defaultConfigurationName = Release;
		};
/* End XCConfigurationList section */
	};
	rootObject = 733A56792C521D640034C06F /* Project object */;
}
